
Microsoft Visual Studio Solution File, Format Version 12.00
# Visual Studio Version 17
VisualStudioVersion = 17.5.33627.172
MinimumVisualStudioVersion = 10.0.40219.1
Project("{9A19103F-16F7-4668-BE54-9A1E7A4F7556}") = "ByteBank", "ByteBank\ByteBank.csproj", "{4645FCFD-A344-4628-B593-7E7197AF50D2}"
EndProject
Project("{9A19103F-16F7-4668-BE54-9A1E7A4F7556}") = "DesafioPessoa", "DesafioPessoa\DesafioPessoa.csproj", "{010AA0A8-66CB-4D67-A053-FE22F57FCD08}"
EndProject
Project("{9A19103F-16F7-4668-BE54-9A1E7A4F7556}") = "DesafioProduto", "DesafioProduto\DesafioProduto.csproj", "{170B9C03-9DC1-46B9-AC1C-0DA2B3CC7240}"
EndProject
Project("{9A19103F-16F7-4668-BE54-9A1E7A4F7556}") = "DesafioComposicao", "DesafioComposicao\DesafioComposicao.csproj", "{2517261A-429E-4F8C-ABA5-356EAB0DE995}"
EndProject
Project("{9A19103F-16F7-4668-BE54-9A1E7A4F7556}") = "DesafioAluno", "DesafioAluno\DesafioAluno.csproj", "{BAFC5740-3E99-4917-9D6C-C5E01A7D25DA}"
EndProject
Global
	GlobalSection(SolutionConfigurationPlatforms) = preSolution
		Debug|Any CPU = Debug|Any CPU
		Release|Any CPU = Release|Any CPU
	EndGlobalSection
	GlobalSection(ProjectConfigurationPlatforms) = postSolution
		{4645FCFD-A344-4628-B593-7E7197AF50D2}.Debug|Any CPU.ActiveCfg = Debug|Any CPU
		{4645FCFD-A344-4628-B593-7E7197AF50D2}.Debug|Any CPU.Build.0 = Debug|Any CPU
		{4645FCFD-A344-4628-B593-7E7197AF50D2}.Release|Any CPU.ActiveCfg = Release|Any CPU
		{4645FCFD-A344-4628-B593-7E7197AF50D2}.Release|Any CPU.Build.0 = Release|Any CPU
		{010AA0A8-66CB-4D67-A053-FE22F57FCD08}.Debug|Any CPU.ActiveCfg = Debug|Any CPU
		{010AA0A8-66CB-4D67-A053-FE22F57FCD08}.Debug|Any CPU.Build.0 = Debug|Any CPU
		{010AA0A8-66CB-4D67-A053-FE22F57FCD08}.Release|Any CPU.ActiveCfg = Release|Any CPU
		{010AA0A8-66CB-4D67-A053-FE22F57FCD08}.Release|Any CPU.Build.0 = Release|Any CPU
		{170B9C03-9DC1-46B9-AC1C-0DA2B3CC7240}.Debug|Any CPU.ActiveCfg = Debug|Any CPU
		{170B9C03-9DC1-46B9-AC1C-0DA2B3CC7240}.Debug|Any CPU.Build.0 = Debug|Any CPU
		{170B9C03-9DC1-46B9-AC1C-0DA2B3CC7240}.Release|Any CPU.ActiveCfg = Release|Any CPU
		{170B9C03-9DC1-46B9-AC1C-0DA2B3CC7240}.Release|Any CPU.Build.0 = Release|Any CPU
		{2517261A-429E-4F8C-ABA5-356EAB0DE995}.Debug|Any CPU.ActiveCfg = Debug|Any CPU
		{2517261A-429E-4F8C-ABA5-356EAB0DE995}.Debug|Any CPU.Build.0 = Debug|Any CPU
		{2517261A-429E-4F8C-ABA5-356EAB0DE995}.Release|Any CPU.ActiveCfg = Release|Any CPU
		{2517261A-429E-4F8C-ABA5-356EAB0DE995}.Release|Any CPU.Build.0 = Release|Any CPU
		{BAFC5740-3E99-4917-9D6C-C5E01A7D25DA}.Debug|Any CPU.ActiveCfg = Debug|Any CPU
		{BAFC5740-3E99-4917-9D6C-C5E01A7D25DA}.Debug|Any CPU.Build.0 = Debug|Any CPU
		{BAFC5740-3E99-4917-9D6C-C5E01A7D25DA}.Release|Any CPU.ActiveCfg = Release|Any CPU
		{BAFC5740-3E99-4917-9D6C-C5E01A7D25DA}.Release|Any CPU.Build.0 = Release|Any CPU
	EndGlobalSection
	GlobalSection(SolutionProperties) = preSolution
		HideSolutionNode = FALSE
	EndGlobalSection
	GlobalSection(ExtensibilityGlobals) = postSolution
		SolutionGuid = {8CFCD6BE-5826-438E-BE12-ED34771D5219}
	EndGlobalSection
EndGlobal
